// !$*UTF8*$!
{
	archiveVersion = 1;
	classes = {};
	objectVersion = 60;
	objects = {

/* Begin PBXBuildFile section */
	1C0C9A3E27D6A1B90000003E /* InterstellarAstroApp.swift in Sources */ = {isa = PBXBuildFile; fileRef = 1C0C9A3E27D6A1B900000020 /* InterstellarAstroApp.swift */; };
	1C0C9A3E27D6A1B90000003F /* RootView.swift in Sources */ = {isa = PBXBuildFile; fileRef = 1C0C9A3E27D6A1B900000021 /* RootView.swift */; };
	1C0C9A3E27D6A1B900000040 /* InterstellarHeroView.swift in Sources */ = {isa = PBXBuildFile; fileRef = 1C0C9A3E27D6A1B900000022 /* InterstellarHeroView.swift */; };
	1C0C9A3E27D6A1B900000041 /* PeopleSelectionView.swift in Sources */ = {isa = PBXBuildFile; fileRef = 1C0C9A3E27D6A1B900000023 /* PeopleSelectionView.swift */; };
	1C0C9A3E27D6A1B900000042 /* ProfileView.swift in Sources */ = {isa = PBXBuildFile; fileRef = 1C0C9A3E27D6A1B900000024 /* ProfileView.swift */; };
	1C0C9A3E27D6A1B900000043 /* Assets.xcassets in Resources */ = {isa = PBXBuildFile; fileRef = 1C0C9A3E27D6A1B900000025 /* Assets.xcassets */; };
/* End PBXBuildFile section */

/* Begin PBXFileReference section */
	1C0C9A3E27D6A1B900000020 /* InterstellarAstroApp.swift */ = {isa = PBXFileReference; lastKnownFileType = sourcecode.swift; path = InterstellarAstroApp.swift; sourceTree = "<group>"; };
	1C0C9A3E27D6A1B900000021 /* RootView.swift */ = {isa = PBXFileReference; lastKnownFileType = sourcecode.swift; path = RootView.swift; sourceTree = "<group>"; };
	1C0C9A3E27D6A1B900000022 /* InterstellarHeroView.swift */ = {isa = PBXFileReference; lastKnownFileType = sourcecode.swift; path = InterstellarHeroView.swift; sourceTree = "<group>"; };
	1C0C9A3E27D6A1B900000023 /* PeopleSelectionView.swift */ = {isa = PBXFileReference; lastKnownFileType = sourcecode.swift; path = PeopleSelectionView.swift; sourceTree = "<group>"; };
	1C0C9A3E27D6A1B900000024 /* ProfileView.swift */ = {isa = PBXFileReference; lastKnownFileType = sourcecode.swift; path = ProfileView.swift; sourceTree = "<group>"; };
	1C0C9A3E27D6A1B900000025 /* Assets.xcassets */ = {isa = PBXFileReference; lastKnownFileType = folder.assetcatalog; path = Assets.xcassets; sourceTree = "<group>"; };
	1C0C9A3E27D6A1B900000026 /* Info.plist */ = {isa = PBXFileReference; lastKnownFileType = text.plist.xml; path = Info.plist; sourceTree = "<group>"; };
	1C0C9A3E27D6A1B90000002F /* InterstellarAstro.app */ = {isa = PBXFileReference; explicitFileType = wrapper.application; path = InterstellarAstro.app; sourceTree = BUILT_PRODUCTS_DIR; };
/* End PBXFileReference section */

/* Begin PBXFrameworksBuildPhase section */
	1C0C9A3E27D6A1B900000006 /* Frameworks */ = {isa = PBXFrameworksBuildPhase; buildActionMask = 2147483647; files = ( ); runOnlyForDeploymentPostprocessing = 0; };
/* End PBXFrameworksBuildPhase section */

/* Begin PBXGroup section */
	1C0C9A3E27D6A1B900000002 = {
		isa = PBXGroup;
		children = (
			1C0C9A3E27D6A1B900000040 /* Sources */,
			1C0C9A3E27D6A1B900000043 /* Resources */,
			1C0C9A3E27D6A1B900000044 /* Products */,
			1C0C9A3E27D6A1B900000026 /* Info.plist */,
		);
		sourceTree = "<group>";
	};
	1C0C9A3E27D6A1B900000040 /* Sources */ = {
		isa = PBXGroup;
		path = Sources;
		sourceTree = "<group>";
		children = (
			1C0C9A3E27D6A1B900000041 /* App */,
			1C0C9A3E27D6A1B900000042 /* Views */,
		);
	};
	1C0C9A3E27D6A1B900000041 /* App */ = {
		isa = PBXGroup;
		path = App;
		sourceTree = "<group>";
		children = (
			1C0C9A3E27D6A1B900000020 /* InterstellarAstroApp.swift */,
			1C0C9A3E27D6A1B900000021 /* RootView.swift */,
		);
	};
	1C0C9A3E27D6A1B900000042 /* Views */ = {
		isa = PBXGroup;
		path = Views;
		sourceTree = "<group>";
		children = (
			1C0C9A3E27D6A1B900000022 /* InterstellarHeroView.swift */,
			1C0C9A3E27D6A1B900000023 /* PeopleSelectionView.swift */,
			1C0C9A3E27D6A1B900000024 /* ProfileView.swift */,
		);
	};
	1C0C9A3E27D6A1B900000043 /* Resources */ = {
		isa = PBXGroup;
		path = Resources;
		sourceTree = "<group>";
		children = (
			1C0C9A3E27D6A1B900000025 /* Assets.xcassets */,
		);
	};
	1C0C9A3E27D6A1B900000044 /* Products */ = {
		isa = PBXGroup;
		children = (
			1C0C9A3E27D6A1B90000002F /* InterstellarAstro.app */,
		);
		name = Products;
		sourceTree = "<group>";
	};
/* End PBXGroup section */

/* Begin PBXNativeTarget section */
	1C0C9A3E27D6A1B900000003 /* InterstellarAstro */ = {
		isa = PBXNativeTarget;
		buildConfigurationList = 1C0C9A3E27D6A1B90000000A /* Build configuration list for PBXNativeTarget "InterstellarAstro" */;
		buildPhases = (
			1C0C9A3E27D6A1B900000004 /* Sources */,
			1C0C9A3E27D6A1B900000006 /* Frameworks */,
			1C0C9A3E27D6A1B900000005 /* Resources */,
		);
		buildRules = (
		);
		dependencies = (
		);
		name = InterstellarAstro;
		productName = InterstellarAstro;
		productReference = 1C0C9A3E27D6A1B90000002F /* InterstellarAstro.app */;
		productType = "com.apple.product-type.application";
	};
/* End PBXNativeTarget section */

/* Begin PBXProject section */
	1C0C9A3E27D6A1B900000001 /* Project object */ = {
		isa = PBXProject;
		attributes = {
			LastSwiftUpdateCheck = 1500;
			LastUpgradeCheck = 1500;
			TargetAttributes = {
				1C0C9A3E27D6A1B900000003 = {
					ProvisioningStyle = Automatic;
				};
			};
		};
		buildConfigurationList = 1C0C9A3E27D6A1B900000007 /* Build configuration list for PBXProject "InterstellarAstro" */;
		compatibilityVersion = "Xcode 14.0";
		developmentRegion = ru;
		hasScannedForEncodings = 0;
		knownRegions = (
			en,
			Base,
			ru,
		);
		mainGroup = 1C0C9A3E27D6A1B900000002;
		productRefGroup = 1C0C9A3E27D6A1B900000044 /* Products */;
		projectDirPath = "";
		projectRoot = "";
		targets = (
			1C0C9A3E27D6A1B900000003 /* InterstellarAstro */,
		);
	};
/* End PBXProject section */

/* Begin PBXResourcesBuildPhase section */
	1C0C9A3E27D6A1B900000005 /* Resources */ = {isa = PBXResourcesBuildPhase; buildActionMask = 2147483647; files = (
		1C0C9A3E27D6A1B900000043 /* Assets.xcassets in Resources */,
	); runOnlyForDeploymentPostprocessing = 0; };
/* End PBXResourcesBuildPhase section */

/* Begin PBXSourcesBuildPhase section */
	1C0C9A3E27D6A1B900000004 /* Sources */ = {isa = PBXSourcesBuildPhase; buildActionMask = 2147483647; files = (
		1C0C9A3E27D6A1B900000042 /* ProfileView.swift in Sources */,
		1C0C9A3E27D6A1B900000041 /* PeopleSelectionView.swift in Sources */,
		1C0C9A3E27D6A1B900000040 /* InterstellarHeroView.swift in Sources */,
		1C0C9A3E27D6A1B90000003F /* RootView.swift in Sources */,
		1C0C9A3E27D6A1B90000003E /* InterstellarAstroApp.swift in Sources */,
	); runOnlyForDeploymentPostprocessing = 0; };
/* End PBXSourcesBuildPhase section */

/* Begin XCBuildConfiguration section */
	1C0C9A3E27D6A1B900000008 /* Debug */ = {
		isa = XCBuildConfiguration;
		buildSettings = {
			ALWAYS_SEARCH_USER_PATHS = NO;
			CLANG_ENABLE_MODULES = YES;
			CODE_SIGN_STYLE = Automatic;
			CURRENT_PROJECT_VERSION = 1;
			DEVELOPMENT_TEAM = "";
			ENABLE_PREVIEWS = YES;
			GCC_NO_COMMON_BLOCKS = YES;
			IPHONEOS_DEPLOYMENT_TARGET = 16.0;
			MARKETING_VERSION = 1.0;
			PRODUCT_BUNDLE_IDENTIFIER = "ru.interstellar.astro";
			PRODUCT_NAME = "$(TARGET_NAME)";
			SDKROOT = iphoneos;
			SUPPORTED_PLATFORMS = "iphonesimulator iphoneos";
			SWIFT_OPTIMIZATION_LEVEL = "-Onone";
			SWIFT_VERSION = 5.0;
			TARGETED_DEVICE_FAMILY = 1;
		};
		name = Debug;
	};
	1C0C9A3E27D6A1B900000009 /* Release */ = {
		isa = XCBuildConfiguration;
		buildSettings = {
			ALWAYS_SEARCH_USER_PATHS = NO;
			CLANG_ENABLE_MODULES = YES;
			CODE_SIGN_STYLE = Automatic;
			CURRENT_PROJECT_VERSION = 1;
			DEVELOPMENT_TEAM = "";
			ENABLE_PREVIEWS = YES;
			GCC_NO_COMMON_BLOCKS = YES;
			IPHONEOS_DEPLOYMENT_TARGET = 16.0;
			MARKETING_VERSION = 1.0;
			PRODUCT_BUNDLE_IDENTIFIER = "ru.interstellar.astro";
			PRODUCT_NAME = "$(TARGET_NAME)";
			SDKROOT = iphoneos;
			SUPPORTED_PLATFORMS = "iphonesimulator iphoneos";
			SWIFT_VERSION = 5.0;
			TARGETED_DEVICE_FAMILY = 1;
		};
		name = Release;
	};
	1C0C9A3E27D6A1B90000000B /* Debug */ = {
		isa = XCBuildConfiguration;
		buildSettings = {
			ASSETCATALOG_COMPILER_APPICON_NAME = AppIcon;
			CODE_SIGN_STYLE = Automatic;
			DEVELOPMENT_TEAM = "";
			INFOPLIST_FILE = Info.plist;
			IPHONEOS_DEPLOYMENT_TARGET = 16.0;
			LD_RUNPATH_SEARCH_PATHS = "$(inherited) @executable_path/Frameworks";
			PRODUCT_BUNDLE_IDENTIFIER = "ru.interstellar.astro";
			PRODUCT_NAME = "$(TARGET_NAME)";
			SWIFT_VERSION = 5.0;
			TARGETED_DEVICE_FAMILY = 1;
		};
		name = Debug;
	};
	1C0C9A3E27D6A1B90000000C /* Release */ = {
		isa = XCBuildConfiguration;
		buildSettings = {
			ASSETCATALOG_COMPILER_APPICON_NAME = AppIcon;
			CODE_SIGN_STYLE = Automatic;
			DEVELOPMENT_TEAM = "";
			INFOPLIST_FILE = Info.plist;
			IPHONEOS_DEPLOYMENT_TARGET = 16.0;
			LD_RUNPATH_SEARCH_PATHS = "$(inherited) @executable_path/Frameworks";
			PRODUCT_BUNDLE_IDENTIFIER = "ru.interstellar.astro";
			PRODUCT_NAME = "$(TARGET_NAME)";
			SWIFT_VERSION = 5.0;
			TARGETED_DEVICE_FAMILY = 1;
		};
		name = Release;
	};
/* End XCBuildConfiguration section */

/* Begin XCConfigurationList section */
	1C0C9A3E27D6A1B900000007 /* Build configuration list for PBXProject "InterstellarAstro" */ = {
		isa = XCConfigurationList;
		buildConfigurations = (
			1C0C9A3E27D6A1B900000008 /* Debug */,
			1C0C9A3E27D6A1B900000009 /* Release */,
		);
		defaultConfigurationIsVisible = 0;
		defaultConfigurationName = Release;
	};
	1C0C9A3E27D6A1B90000000A /* Build configuration list for PBXNativeTarget "InterstellarAstro" */ = {
		isa = XCConfigurationList;
		buildConfigurations = (
			1C0C9A3E27D6A1B90000000B /* Debug */,
			1C0C9A3E27D6A1B90000000C /* Release */,
		);
		defaultConfigurationIsVisible = 0;
		defaultConfigurationName = Release;
	};
/* End XCConfigurationList section */

	};
	rootObject = 1C0C9A3E27D6A1B900000001 /* Project object */;
}